<?xml version="1.0" encoding="utf-8"?>
<Project ToolsVersion="4.0" xmlns="http://schemas.microsoft.com/developer/msbuild/2003">
  <ItemGroup>
    <Filter Include="Source Files">
      <UniqueIdentifier>{4FC737F1-C7A5-4376-A066-2A32D752A2FF}</UniqueIdentifier>
      <Extensions>cpp;c;cc;cxx;def;odl;idl;hpj;bat;asm;asmx</Extensions>
    </Filter>
    <Filter Include="Header Files">
      <UniqueIdentifier>{93995380-89BD-4b04-88EB-625FBE52EBFB}</UniqueIdentifier>
      <Extensions>h;hh;hpp;hxx;hm;inl;inc;xsd</Extensions>
    </Filter>
    <Filter Include="Resource Files">
      <UniqueIdentifier>{67DA6AB6-F800-4c08-8B7A-83BB121AAD01}</UniqueIdentifier>
      <Extensions>rc;ico;cur;bmp;dlg;rc2;rct;bin;rgs;gif;jpg;jpeg;jpe;resx;tiff;tif;png;wav;mfcribbon-ms</Extensions>
    </Filter>
  </ItemGroup>
  <ItemGroup>
    <ClInclude Include="src\dvec2.hpp">
      <Filter>Header Files</Filter>
    </ClInclude>
    <ClInclude Include="src\generator1.hpp">
      <Filter>Header Files</Filter>
    </ClInclude>
    <ClInclude Include="src\generator2.hpp">
      <Filter>Header Files</Filter>
    </ClInclude>
    <ClInclude Include="src\serpentine_generator2.hpp">
      <Filter>Header Files</Filter>
    </ClInclude>
    <ClInclude Include="src\pwlcm_generator2.hpp">
      <Filter>Header Files</Filter>
    </ClInclude>
    <ClInclude Include="src\spic_key.hpp">
      <Filter>Header Files</Filter>
    </ClInclude>
    <ClInclude Include="src\pwlcm_spic_key.hpp">
      <Filter>Header Files</Filter>
    </ClInclude>
    <ClInclude Include="src\serpentine_spic_key.hpp">
      <Filter>Header Files</Filter>
    </ClInclude>
    <ClInclude Include="src\tmath.hpp">
      <Filter>Header Files</Filter>
    </ClInclude>
    <ClInclude Include="src\serpentine2_generator2.hpp">
      <Filter>Header Files</Filter>
    </ClInclude>
    <ClInclude Include="src\pwlcm_generator1.hpp">
      <Filter>Header Files</Filter>
    </ClInclude>
    <ClInclude Include="src\pmath.hpp">
      <Filter>Header Files</Filter>
    </ClInclude>
    <ClInclude Include="src\cat_generator3.hpp">
      <Filter>Header Files</Filter>
    </ClInclude>
    <ClInclude Include="src\dvec3.hpp">
      <Filter>Header Files</Filter>
    </ClInclude>
    <ClInclude Include="src\generator3.hpp">
      <Filter>Header Files</Filter>
    </ClInclude>
    <ClInclude Include="src\luts_math.hpp">
      <Filter>Header Files</Filter>
    </ClInclude>
    <ClInclude Include="src\skew_tent_generator1.hpp">
      <Filter>Header Files</Filter>
    </ClInclude>
    <ClInclude Include="src\ruleT_generator3.hpp">
      <Filter>Header Files</Filter>
    </ClInclude>
    <ClInclude Include="src\image_cipher_base.hpp">
      <Filter>Header Files</Filter>
    </ClInclude>
    <ClInclude Include="src\spic_cipher.hpp">
      <Filter>Header Files</Filter>
    </ClInclude>
    <ClInclude Include="src\serpentine_spic_cipher.hpp">
      <Filter>Header Files</Filter>
    </ClInclude>
    <ClInclude Include="src\pwlcm_spic_cipher.hpp">
      <Filter>Header Files</Filter>
    </ClInclude>
    <ClInclude Include="src\serpentine2_spic_cipher.hpp">
      <Filter>Header Files</Filter>
    </ClInclude>
    <ClInclude Include="src\iesidcm_cipher.hpp">
      <Filter>Header Files</Filter>
    </ClInclude>
  </ItemGroup>
  <ItemGroup>
    <ClCompile Include="src\ChaoticImageCrypto.cpp">
      <Filter>Source Files</Filter>
    </ClCompile>
  </ItemGroup>
</Project>